// !$*UTF8*$!
{
	archiveVersion = 1;
	classes = {
	};
	objectVersion = 55;
	objects = {

/* Begin PBXBuildFile section */
		08FEFB317002C3EF40AB6AEA /* LastActionMonitor.swift in Sources */ = {isa = PBXBuildFile; fileRef = E207003C040BBC6F8E97BDFF /* LastActionMonitor.swift */; };
		0B0FE81EE0F031EE6B5DF217 /* LicenseCheckerTests.swift in Sources */ = {isa = PBXBuildFile; fileRef = 63322CEDB30DE411DC4DCA7D /* LicenseCheckerTests.swift */; };
		0C14525CAB56FB0806E18A99 /* CatalogSearchService.swift in Sources */ = {isa = PBXBuildFile; fileRef = 42599B91B519382FA9672776 /* CatalogSearchService.swift */; };
		12814FC35BCAAFBC3726D91B /* VersionChecker.swift in Sources */ = {isa = PBXBuildFile; fileRef = A9BA6E7F07281787514CC3A4 /* VersionChecker.swift */; };
		1FC4EBFE430B4221870447F7 /* SyncMonitor.swift in Sources */ = {isa = PBXBuildFile; fileRef = 61E1A71C48ACBE24ECAF4746 /* SyncMonitor.swift */; };
		2101C8E0EF7FA5182FDA5A32 /* LegacyMigrator.swift in Sources */ = {isa = PBXBuildFile; fileRef = 24577C5CF85668715B4567CB /* LegacyMigrator.swift */; };
		2147084C94F28A1919D7242C /* AppDelegate.swift in Sources */ = {isa = PBXBuildFile; fileRef = DBD14E475F9B3B2197DBF21B /* AppDelegate.swift */; };
		292BF5231D1F526AEC78A8EF /* Assets.xcassets in Resources */ = {isa = PBXBuildFile; fileRef = B0CF27494D81FFC7468D5EF4 /* Assets.xcassets */; };
		2F86BF686284096A0D9C5BB2 /* Theme.swift in Sources */ = {isa = PBXBuildFile; fileRef = C6994AFDF7EAE316D557C82F /* Theme.swift */; };
		3C6BB02EF2B388C2E8CCB08C /* BrewService.swift in Sources */ = {isa = PBXBuildFile; fileRef = E4813C643345D121908AD875 /* BrewService.swift */; };
		3EFC14FB58F69A4066634532 /* ServiceDiagnostics.swift in Sources */ = {isa = PBXBuildFile; fileRef = B0E0B2DB9186AB41C971059A /* ServiceDiagnostics.swift */; };
		45E8E4CB8420F708CF43903A /* BrewChecking.swift in Sources */ = {isa = PBXBuildFile; fileRef = F7B6B4B7EADB14573A465F49 /* BrewChecking.swift */; };
		47083A41E4AB595976277B64 /* ServiceDiagnosticsView.swift in Sources */ = {isa = PBXBuildFile; fileRef = 7811A11407724945C84C3B43 /* ServiceDiagnosticsView.swift */; };
		4CF49E26130611E7FF55D8F5 /* CrystalGlass.swift in Sources */ = {isa = PBXBuildFile; fileRef = A1B3F6ABD3AFDB31A54BB651 /* CrystalGlass.swift */; };
		4FB44039A253560986CF14C4 /* TuistAssets+BrewTUIBar.swift in Sources */ = {isa = PBXBuildFile; fileRef = 6F8F46ECA397FB54D79A17CC /* TuistAssets+BrewTUIBar.swift */; };
		5E99EE588662855D7C207894 /* SecurityMonitor.swift in Sources */ = {isa = PBXBuildFile; fileRef = AD29AE41DC1866A8A0A60627 /* SecurityMonitor.swift */; };
		60C78BCD3FBB824483644F67 /* LicenseChecker.swift in Sources */ = {isa = PBXBuildFile; fileRef = 4B688B1ECC74B64F18E083BD /* LicenseChecker.swift */; };
		63A0FCD8C81043394B2727F9 /* SchedulerService.swift in Sources */ = {isa = PBXBuildFile; fileRef = 3805B7BBA7147A321817673A /* SchedulerService.swift */; };
		64FA4D2DC4AEED32804D0F47 /* LegacyMigratorTests.swift in Sources */ = {isa = PBXBuildFile; fileRef = 0A03DFF6A2096C386C36FAD9 /* LegacyMigratorTests.swift */; };
		659C0999E6959CAAB322FC48 /* BrewUpgradeStream.swift in Sources */ = {isa = PBXBuildFile; fileRef = 146183BF7C52E8B49E466773 /* BrewUpgradeStream.swift */; };
		6A9D38255C5470BFB79CC9DF /* InstallProgressView.swift in Sources */ = {isa = PBXBuildFile; fileRef = 0E5DC06394E21BF72F80CA49 /* InstallProgressView.swift */; };
		75C4A19A32FD9983D16ADFC8 /* OutdatedPackage.swift in Sources */ = {isa = PBXBuildFile; fileRef = E59741045F87EBF1FA2C3371 /* OutdatedPackage.swift */; };
		78C6EA4873F10C45C23668C3 /* BadgePreferences.swift in Sources */ = {isa = PBXBuildFile; fileRef = FFF8F0B709D4ED6FFBC3EF3D /* BadgePreferences.swift */; };
		818EF64291A268BAB5BF9EF4 /* BrewChecker.swift in Sources */ = {isa = PBXBuildFile; fileRef = AF891F8BC19F44BDE9FC8799 /* BrewChecker.swift */; };
		83C49904E8134A34B700A38D /* InstallProgress.swift in Sources */ = {isa = PBXBuildFile; fileRef = AFA2D6A6DCD8B5D2E2D1130C /* InstallProgress.swift */; };
		89830BE3312D0E47CDCF083B /* MenuBarIconComposer.swift in Sources */ = {isa = PBXBuildFile; fileRef = B1A6FA32D3AD9C22170F8104 /* MenuBarIconComposer.swift */; };
		8A0042C9F4CACC2E29D85E6F /* LicenseRevalidator.swift in Sources */ = {isa = PBXBuildFile; fileRef = 3C72B3CE62B297331F41AD6B /* LicenseRevalidator.swift */; };
		8A00C28527298892DA00BF13 /* BrewTUIBarTests.swift in Sources */ = {isa = PBXBuildFile; fileRef = 2652607E1C1FA09F767EDF27 /* BrewTUIBarTests.swift */; };
		8E87AA13EE7356729D1FDB58 /* SettingsView.swift in Sources */ = {isa = PBXBuildFile; fileRef = 7F431946D7E578442AD9C958 /* SettingsView.swift */; };
		A5C9A57ADF2A973B5DC63325 /* NewPackage.swift in Sources */ = {isa = PBXBuildFile; fileRef = E90884D675A9ED4B566BAD94 /* NewPackage.swift */; };
		A634569C03613A045FB8CF30 /* PreviewData.swift in Sources */ = {isa = PBXBuildFile; fileRef = 2B0FA675BE8BF618B28E2EFB /* PreviewData.swift */; };
		AAC329365B2871F0B9DB69DF /* Localizable.xcstrings in Resources */ = {isa = PBXBuildFile; fileRef = F187999A0402910D940F3A74 /* Localizable.xcstrings */; };
		B43EFD3B5D5822F918CF753F /* SecurityChecking.swift in Sources */ = {isa = PBXBuildFile; fileRef = C20633EA5BE5A0ED4201F4F5 /* SecurityChecking.swift */; };
		B99DC34A3CEB0B46B2E6BF31 /* CrashReporter.swift in Sources */ = {isa = PBXBuildFile; fileRef = 9B4A5A605C511696A24DB01B /* CrashReporter.swift */; };
		BC60D48A6E5CC3BE2E1FF29B /* AppState.swift in Sources */ = {isa = PBXBuildFile; fileRef = B86AC93D8E3C1C741320E4F1 /* AppState.swift */; };
		BD184BE92D579DAB2904559B /* NewPackagesServiceTests.swift in Sources */ = {isa = PBXBuildFile; fileRef = E8E8B12B1EF29C5410ECF23A /* NewPackagesServiceTests.swift */; };
		CE83F8A05166EAD700CC214D /* NewPackagesService.swift in Sources */ = {isa = PBXBuildFile; fileRef = 9E2E25A232F7E2251DF9DD0E /* NewPackagesService.swift */; };
		D0AE1A561287031A3062AE62 /* TuistBundle+BrewTUIBar.swift in Sources */ = {isa = PBXBuildFile; fileRef = 00CCAC4E3AE04180BA9348FA /* TuistBundle+BrewTUIBar.swift */; };
		D57854316651EC2199918743 /* PopoverView.swift in Sources */ = {isa = PBXBuildFile; fileRef = 263A1925A77B19FC962069D1 /* PopoverView.swift */; };
		D84A510FC20FCBFFF86F1F8A /* ServiceTests.swift in Sources */ = {isa = PBXBuildFile; fileRef = 157C6C56628E53AC98E15068 /* ServiceTests.swift */; };
		D8CF13065CC2A87D25B46E7F /* NotificationSender.swift in Sources */ = {isa = PBXBuildFile; fileRef = 9B23D45056E079218AFF363B /* NotificationSender.swift */; };
		E58BA0B8D0B5F1F0B4E107CD /* NewPackagesView.swift in Sources */ = {isa = PBXBuildFile; fileRef = 1A7B2E9E871E908775C442B5 /* NewPackagesView.swift */; };
		E95B57CB309600892EE3F60D /* BrewTUI-BarApp.swift in Sources */ = {isa = PBXBuildFile; fileRef = 93F4EB01940C6D8792F8821A /* BrewTUI-BarApp.swift */; };
		EEB268552533BE695556BE9A /* BrewServiceDiagnostics.swift in Sources */ = {isa = PBXBuildFile; fileRef = 04024121F5AB8B2C9D6D297A /* BrewServiceDiagnostics.swift */; };
		F09227024F751FA24183E10E /* PrivacyInfo.xcprivacy in Resources */ = {isa = PBXBuildFile; fileRef = 3DF27DA7DCFEEE8630D3D10E /* PrivacyInfo.xcprivacy */; };
		F3B56887D592EBE9A2E51D28 /* ScreenshotGenerator.swift in Sources */ = {isa = PBXBuildFile; fileRef = 0144155EBC0335064B5569C9 /* ScreenshotGenerator.swift */; };
		F530066AD5EB4EC0ED261FCB /* OutdatedListView.swift in Sources */ = {isa = PBXBuildFile; fileRef = F305B2E7FFA7C218B265E599 /* OutdatedListView.swift */; };
		F72D64E1CD37242384E4D27A /* CVEAlert.swift in Sources */ = {isa = PBXBuildFile; fileRef = C3F5CF9BDA8E0850BD3F4768 /* CVEAlert.swift */; };
		FF57FBD91A91C9CDFEE3D661 /* BrewProcess.swift in Sources */ = {isa = PBXBuildFile; fileRef = B54C73A66ABB82447DB836E6 /* BrewProcess.swift */; };
/* End PBXBuildFile section */

/* Begin PBXContainerItemProxy section */
		4C4BBC198DD05716183528EB /* PBXContainerItemProxy */ = {
			isa = PBXContainerItemProxy;
			containerPortal = BB256F911AF42CC7F3DEB616 /* Project object */;
			proxyType = 1;
			remoteGlobalIDString = 436A66178598403529899092;
			remoteInfo = "BrewTUI-Bar";
		};
/* End PBXContainerItemProxy section */

/* Begin PBXCopyFilesBuildPhase section */
		9E81297BC4B0F255866C30AA /* Embed Frameworks */ = {
			isa = PBXCopyFilesBuildPhase;
			buildActionMask = 2147483647;
			dstPath = "";
			dstSubfolderSpec = 10;
			files = (
			);
			name = "Embed Frameworks";
			runOnlyForDeploymentPostprocessing = 0;
		};
		EFD6678234850FF59F0115C4 /* Embed Frameworks */ = {
			isa = PBXCopyFilesBuildPhase;
			buildActionMask = 2147483647;
			dstPath = "";
			dstSubfolderSpec = 10;
			files = (
			);
			name = "Embed Frameworks";
			runOnlyForDeploymentPostprocessing = 0;
		};
/* End PBXCopyFilesBuildPhase section */

/* Begin PBXFileReference section */
		00CCAC4E3AE04180BA9348FA /* TuistBundle+BrewTUIBar.swift */ = {isa = PBXFileReference; lastKnownFileType = sourcecode.swift; path = "TuistBundle+BrewTUIBar.swift"; sourceTree = "<group>"; };
		0144155EBC0335064B5569C9 /* ScreenshotGenerator.swift */ = {isa = PBXFileReference; lastKnownFileType = sourcecode.swift; path = ScreenshotGenerator.swift; sourceTree = "<group>"; };
		04024121F5AB8B2C9D6D297A /* BrewServiceDiagnostics.swift */ = {isa = PBXFileReference; lastKnownFileType = sourcecode.swift; path = BrewServiceDiagnostics.swift; sourceTree = "<group>"; };
		0A03DFF6A2096C386C36FAD9 /* LegacyMigratorTests.swift */ = {isa = PBXFileReference; lastKnownFileType = sourcecode.swift; path = LegacyMigratorTests.swift; sourceTree = "<group>"; };
		0E5DC06394E21BF72F80CA49 /* InstallProgressView.swift */ = {isa = PBXFileReference; lastKnownFileType = sourcecode.swift; path = InstallProgressView.swift; sourceTree = "<group>"; };
		146183BF7C52E8B49E466773 /* BrewUpgradeStream.swift */ = {isa = PBXFileReference; lastKnownFileType = sourcecode.swift; path = BrewUpgradeStream.swift; sourceTree = "<group>"; };
		157C6C56628E53AC98E15068 /* ServiceTests.swift */ = {isa = PBXFileReference; lastKnownFileType = sourcecode.swift; path = ServiceTests.swift; sourceTree = "<group>"; };
		1A7B2E9E871E908775C442B5 /* NewPackagesView.swift */ = {isa = PBXFileReference; lastKnownFileType = sourcecode.swift; path = NewPackagesView.swift; sourceTree = "<group>"; };
		24577C5CF85668715B4567CB /* LegacyMigrator.swift */ = {isa = PBXFileReference; lastKnownFileType = sourcecode.swift; path = LegacyMigrator.swift; sourceTree = "<group>"; };
		263A1925A77B19FC962069D1 /* PopoverView.swift */ = {isa = PBXFileReference; lastKnownFileType = sourcecode.swift; path = PopoverView.swift; sourceTree = "<group>"; };
		2652607E1C1FA09F767EDF27 /* BrewTUIBarTests.swift */ = {isa = PBXFileReference; lastKnownFileType = sourcecode.swift; path = BrewTUIBarTests.swift; sourceTree = "<group>"; };
		2B0FA675BE8BF618B28E2EFB /* PreviewData.swift */ = {isa = PBXFileReference; lastKnownFileType = sourcecode.swift; path = PreviewData.swift; sourceTree = "<group>"; };
		3805B7BBA7147A321817673A /* SchedulerService.swift */ = {isa = PBXFileReference; lastKnownFileType = sourcecode.swift; path = SchedulerService.swift; sourceTree = "<group>"; };
		3C72B3CE62B297331F41AD6B /* LicenseRevalidator.swift */ = {isa = PBXFileReference; lastKnownFileType = sourcecode.swift; path = LicenseRevalidator.swift; sourceTree = "<group>"; };
		3DF27DA7DCFEEE8630D3D10E /* PrivacyInfo.xcprivacy */ = {isa = PBXFileReference; path = PrivacyInfo.xcprivacy; sourceTree = "<group>"; };
		42599B91B519382FA9672776 /* CatalogSearchService.swift */ = {isa = PBXFileReference; lastKnownFileType = sourcecode.swift; path = CatalogSearchService.swift; sourceTree = "<group>"; };
		4B688B1ECC74B64F18E083BD /* LicenseChecker.swift */ = {isa = PBXFileReference; lastKnownFileType = sourcecode.swift; path = LicenseChecker.swift; sourceTree = "<group>"; };
		61E1A71C48ACBE24ECAF4746 /* SyncMonitor.swift */ = {isa = PBXFileReference; lastKnownFileType = sourcecode.swift; path = SyncMonitor.swift; sourceTree = "<group>"; };
		63322CEDB30DE411DC4DCA7D /* LicenseCheckerTests.swift */ = {isa = PBXFileReference; lastKnownFileType = sourcecode.swift; path = LicenseCheckerTests.swift; sourceTree = "<group>"; };
		6F8F46ECA397FB54D79A17CC /* TuistAssets+BrewTUIBar.swift */ = {isa = PBXFileReference; lastKnownFileType = sourcecode.swift; path = "TuistAssets+BrewTUIBar.swift"; sourceTree = "<group>"; };
		7181974B139A78171F894360 /* BrewTUI-Bar-Info.plist */ = {isa = PBXFileReference; lastKnownFileType = text.plist; path = "BrewTUI-Bar-Info.plist"; sourceTree = "<group>"; };
		7811A11407724945C84C3B43 /* ServiceDiagnosticsView.swift */ = {isa = PBXFileReference; lastKnownFileType = sourcecode.swift; path = ServiceDiagnosticsView.swift; sourceTree = "<group>"; };
		7F431946D7E578442AD9C958 /* SettingsView.swift */ = {isa = PBXFileReference; lastKnownFileType = sourcecode.swift; path = SettingsView.swift; sourceTree = "<group>"; };
		93F4EB01940C6D8792F8821A /* BrewTUI-BarApp.swift */ = {isa = PBXFileReference; lastKnownFileType = sourcecode.swift; path = "BrewTUI-BarApp.swift"; sourceTree = "<group>"; };
		9B23D45056E079218AFF363B /* NotificationSender.swift */ = {isa = PBXFileReference; lastKnownFileType = sourcecode.swift; path = NotificationSender.swift; sourceTree = "<group>"; };
		9B4A5A605C511696A24DB01B /* CrashReporter.swift */ = {isa = PBXFileReference; lastKnownFileType = sourcecode.swift; path = CrashReporter.swift; sourceTree = "<group>"; };
		9E2E25A232F7E2251DF9DD0E /* NewPackagesService.swift */ = {isa = PBXFileReference; lastKnownFileType = sourcecode.swift; path = NewPackagesService.swift; sourceTree = "<group>"; };
		A1B3F6ABD3AFDB31A54BB651 /* CrystalGlass.swift */ = {isa = PBXFileReference; lastKnownFileType = sourcecode.swift; path = CrystalGlass.swift; sourceTree = "<group>"; };
		A9BA6E7F07281787514CC3A4 /* VersionChecker.swift */ = {isa = PBXFileReference; lastKnownFileType = sourcecode.swift; path = VersionChecker.swift; sourceTree = "<group>"; };
		AD29AE41DC1866A8A0A60627 /* SecurityMonitor.swift */ = {isa = PBXFileReference; lastKnownFileType = sourcecode.swift; path = SecurityMonitor.swift; sourceTree = "<group>"; };
		AF891F8BC19F44BDE9FC8799 /* BrewChecker.swift */ = {isa = PBXFileReference; lastKnownFileType = sourcecode.swift; path = BrewChecker.swift; sourceTree = "<group>"; };
		AFA2D6A6DCD8B5D2E2D1130C /* InstallProgress.swift */ = {isa = PBXFileReference; lastKnownFileType = sourcecode.swift; path = InstallProgress.swift; sourceTree = "<group>"; };
		B0CF27494D81FFC7468D5EF4 /* Assets.xcassets */ = {isa = PBXFileReference; lastKnownFileType = folder.assetcatalog; path = Assets.xcassets; sourceTree = "<group>"; };
		B0E0B2DB9186AB41C971059A /* ServiceDiagnostics.swift */ = {isa = PBXFileReference; lastKnownFileType = sourcecode.swift; path = ServiceDiagnostics.swift; sourceTree = "<group>"; };
		B1A6FA32D3AD9C22170F8104 /* MenuBarIconComposer.swift */ = {isa = PBXFileReference; lastKnownFileType = sourcecode.swift; path = MenuBarIconComposer.swift; sourceTree = "<group>"; };
		B54C73A66ABB82447DB836E6 /* BrewProcess.swift */ = {isa = PBXFileReference; lastKnownFileType = sourcecode.swift; path = BrewProcess.swift; sourceTree = "<group>"; };
		B86AC93D8E3C1C741320E4F1 /* AppState.swift */ = {isa = PBXFileReference; lastKnownFileType = sourcecode.swift; path = AppState.swift; sourceTree = "<group>"; };
		BFFE805F45DC47A79BE7360E /* BrewTUI-BarTests-Info.plist */ = {isa = PBXFileReference; lastKnownFileType = text.plist; path = "BrewTUI-BarTests-Info.plist"; sourceTree = "<group>"; };
		C20633EA5BE5A0ED4201F4F5 /* SecurityChecking.swift */ = {isa = PBXFileReference; lastKnownFileType = sourcecode.swift; path = SecurityChecking.swift; sourceTree = "<group>"; };
		C3F5CF9BDA8E0850BD3F4768 /* CVEAlert.swift */ = {isa = PBXFileReference; lastKnownFileType = sourcecode.swift; path = CVEAlert.swift; sourceTree = "<group>"; };
		C6994AFDF7EAE316D557C82F /* Theme.swift */ = {isa = PBXFileReference; lastKnownFileType = sourcecode.swift; path = Theme.swift; sourceTree = "<group>"; };
		DBD14E475F9B3B2197DBF21B /* AppDelegate.swift */ = {isa = PBXFileReference; lastKnownFileType = sourcecode.swift; path = AppDelegate.swift; sourceTree = "<group>"; };
		E160005EFEC134AAD22E8A89 /* BrewTUI_BarTests.xctest */ = {isa = PBXFileReference; explicitFileType = wrapper.cfbundle; includeInIndex = 0; path = BrewTUI_BarTests.xctest; sourceTree = BUILT_PRODUCTS_DIR; };
		E207003C040BBC6F8E97BDFF /* LastActionMonitor.swift */ = {isa = PBXFileReference; lastKnownFileType = sourcecode.swift; path = LastActionMonitor.swift; sourceTree = "<group>"; };
		E4813C643345D121908AD875 /* BrewService.swift */ = {isa = PBXFileReference; lastKnownFileType = sourcecode.swift; path = BrewService.swift; sourceTree = "<group>"; };
		E59741045F87EBF1FA2C3371 /* OutdatedPackage.swift */ = {isa = PBXFileReference; lastKnownFileType = sourcecode.swift; path = OutdatedPackage.swift; sourceTree = "<group>"; };
		E8E8B12B1EF29C5410ECF23A /* NewPackagesServiceTests.swift */ = {isa = PBXFileReference; lastKnownFileType = sourcecode.swift; path = NewPackagesServiceTests.swift; sourceTree = "<group>"; };
		E90884D675A9ED4B566BAD94 /* NewPackage.swift */ = {isa = PBXFileReference; lastKnownFileType = sourcecode.swift; path = NewPackage.swift; sourceTree = "<group>"; };
		E915CCA2B5B927CE2720FA97 /* BrewTUI-Bar.app */ = {isa = PBXFileReference; explicitFileType = wrapper.application; includeInIndex = 0; path = "BrewTUI-Bar.app"; sourceTree = BUILT_PRODUCTS_DIR; };
		F187999A0402910D940F3A74 /* Localizable.xcstrings */ = {isa = PBXFileReference; path = Localizable.xcstrings; sourceTree = "<group>"; };
		F305B2E7FFA7C218B265E599 /* OutdatedListView.swift */ = {isa = PBXFileReference; lastKnownFileType = sourcecode.swift; path = OutdatedListView.swift; sourceTree = "<group>"; };
		F7B6B4B7EADB14573A465F49 /* BrewChecking.swift */ = {isa = PBXFileReference; lastKnownFileType = sourcecode.swift; path = BrewChecking.swift; sourceTree = "<group>"; };
		FFF8F0B709D4ED6FFBC3EF3D /* BadgePreferences.swift */ = {isa = PBXFileReference; lastKnownFileType = sourcecode.swift; path = BadgePreferences.swift; sourceTree = "<group>"; };
/* End PBXFileReference section */

/* Begin PBXFrameworksBuildPhase section */
		678AD75D2FCC69EAFCBA2AC5 /* Frameworks */ = {
			isa = PBXFrameworksBuildPhase;
			buildActionMask = 2147483647;
			files = (
			);
			runOnlyForDeploymentPostprocessing = 0;
		};
		6C4C5AE7D6BB73CC3F539526 /* Frameworks */ = {
			isa = PBXFrameworksBuildPhase;
			buildActionMask = 2147483647;
			files = (
			);
			runOnlyForDeploymentPostprocessing = 0;
		};
/* End PBXFrameworksBuildPhase section */

/* Begin PBXGroup section */
		09EE1FC31630F683A5B4A99B /* Services */ = {
			isa = PBXGroup;
			children = (
				AF891F8BC19F44BDE9FC8799 /* BrewChecker.swift */,
				F7B6B4B7EADB14573A465F49 /* BrewChecking.swift */,
				B54C73A66ABB82447DB836E6 /* BrewProcess.swift */,
				04024121F5AB8B2C9D6D297A /* BrewServiceDiagnostics.swift */,
				146183BF7C52E8B49E466773 /* BrewUpgradeStream.swift */,
				42599B91B519382FA9672776 /* CatalogSearchService.swift */,
				9B4A5A605C511696A24DB01B /* CrashReporter.swift */,
				E207003C040BBC6F8E97BDFF /* LastActionMonitor.swift */,
				24577C5CF85668715B4567CB /* LegacyMigrator.swift */,
				4B688B1ECC74B64F18E083BD /* LicenseChecker.swift */,
				3C72B3CE62B297331F41AD6B /* LicenseRevalidator.swift */,
				9E2E25A232F7E2251DF9DD0E /* NewPackagesService.swift */,
				9B23D45056E079218AFF363B /* NotificationSender.swift */,
				3805B7BBA7147A321817673A /* SchedulerService.swift */,
				C20633EA5BE5A0ED4201F4F5 /* SecurityChecking.swift */,
				AD29AE41DC1866A8A0A60627 /* SecurityMonitor.swift */,
				61E1A71C48ACBE24ECAF4746 /* SyncMonitor.swift */,
				A9BA6E7F07281787514CC3A4 /* VersionChecker.swift */,
			);
			path = Services;
			sourceTree = "<group>";
		};
		0AEAB5135F69FEA99FE530A8 /* Sources */ = {
			isa = PBXGroup;
			children = (
				2652607E1C1FA09F767EDF27 /* BrewTUIBarTests.swift */,
				0A03DFF6A2096C386C36FAD9 /* LegacyMigratorTests.swift */,
				63322CEDB30DE411DC4DCA7D /* LicenseCheckerTests.swift */,
				E8E8B12B1EF29C5410ECF23A /* NewPackagesServiceTests.swift */,
				0144155EBC0335064B5569C9 /* ScreenshotGenerator.swift */,
				157C6C56628E53AC98E15068 /* ServiceTests.swift */,
			);
			path = Sources;
			sourceTree = "<group>";
		};
		358D749C5D08309ABD3202E4 /* Derived */ = {
			isa = PBXGroup;
			children = (
				444F5F5C01C8B8097EDE4126 /* InfoPlists */,
				BE698D295FCAB1CB43FA4723 /* Sources */,
			);
			path = Derived;
			sourceTree = "<group>";
		};
		380C96AABDCDB1016D56DBD1 /* Models */ = {
			isa = PBXGroup;
			children = (
				B86AC93D8E3C1C741320E4F1 /* AppState.swift */,
				FFF8F0B709D4ED6FFBC3EF3D /* BadgePreferences.swift */,
				E4813C643345D121908AD875 /* BrewService.swift */,
				C3F5CF9BDA8E0850BD3F4768 /* CVEAlert.swift */,
				AFA2D6A6DCD8B5D2E2D1130C /* InstallProgress.swift */,
				E90884D675A9ED4B566BAD94 /* NewPackage.swift */,
				E59741045F87EBF1FA2C3371 /* OutdatedPackage.swift */,
				2B0FA675BE8BF618B28E2EFB /* PreviewData.swift */,
				B0E0B2DB9186AB41C971059A /* ServiceDiagnostics.swift */,
			);
			path = Models;
			sourceTree = "<group>";
		};
		416C31EE349C3EA75A56C841 /* BrewTUI-BarTests */ = {
			isa = PBXGroup;
			children = (
				0AEAB5135F69FEA99FE530A8 /* Sources */,
			);
			path = "BrewTUI-BarTests";
			sourceTree = "<group>";
		};
		444F5F5C01C8B8097EDE4126 /* InfoPlists */ = {
			isa = PBXGroup;
			children = (
				7181974B139A78171F894360 /* BrewTUI-Bar-Info.plist */,
				BFFE805F45DC47A79BE7360E /* BrewTUI-BarTests-Info.plist */,
			);
			path = InfoPlists;
			sourceTree = "<group>";
		};
		6015FD79A49EC68D3893A5BF /* Views */ = {
			isa = PBXGroup;
			children = (
				A1B3F6ABD3AFDB31A54BB651 /* CrystalGlass.swift */,
				0E5DC06394E21BF72F80CA49 /* InstallProgressView.swift */,
				1A7B2E9E871E908775C442B5 /* NewPackagesView.swift */,
				F305B2E7FFA7C218B265E599 /* OutdatedListView.swift */,
				263A1925A77B19FC962069D1 /* PopoverView.swift */,
				7811A11407724945C84C3B43 /* ServiceDiagnosticsView.swift */,
				7F431946D7E578442AD9C958 /* SettingsView.swift */,
				C6994AFDF7EAE316D557C82F /* Theme.swift */,
			);
			path = Views;
			sourceTree = "<group>";
		};
		6D47FB2B2BBEE4F0820D7DB1 /* Project */ = {
			isa = PBXGroup;
			children = (
				8F6841773D6CE0E94715D05D /* BrewTUI-Bar */,
				416C31EE349C3EA75A56C841 /* BrewTUI-BarTests */,
				358D749C5D08309ABD3202E4 /* Derived */,
			);
			name = Project;
			sourceTree = "<group>";
		};
		8F6841773D6CE0E94715D05D /* BrewTUI-Bar */ = {
			isa = PBXGroup;
			children = (
				B8123947336C2EBCFF8A03FA /* Resources */,
				B4020227972EC97A834B5579 /* Sources */,
			);
			path = "BrewTUI-Bar";
			sourceTree = "<group>";
		};
		B4020227972EC97A834B5579 /* Sources */ = {
			isa = PBXGroup;
			children = (
				F7B4193C9608FF5CAF1E888C /* App */,
				380C96AABDCDB1016D56DBD1 /* Models */,
				09EE1FC31630F683A5B4A99B /* Services */,
				6015FD79A49EC68D3893A5BF /* Views */,
			);
			path = Sources;
			sourceTree = "<group>";
		};
		B8123947336C2EBCFF8A03FA /* Resources */ = {
			isa = PBXGroup;
			children = (
				B0CF27494D81FFC7468D5EF4 /* Assets.xcassets */,
				F187999A0402910D940F3A74 /* Localizable.xcstrings */,
				3DF27DA7DCFEEE8630D3D10E /* PrivacyInfo.xcprivacy */,
			);
			path = Resources;
			sourceTree = "<group>";
		};
		BE698D295FCAB1CB43FA4723 /* Sources */ = {
			isa = PBXGroup;
			children = (
				6F8F46ECA397FB54D79A17CC /* TuistAssets+BrewTUIBar.swift */,
				00CCAC4E3AE04180BA9348FA /* TuistBundle+BrewTUIBar.swift */,
			);
			path = Sources;
			sourceTree = "<group>";
		};
		E672BAFA9597B077715E8485 /* Products */ = {
			isa = PBXGroup;
			children = (
				E160005EFEC134AAD22E8A89 /* BrewTUI_BarTests.xctest */,
				E915CCA2B5B927CE2720FA97 /* BrewTUI-Bar.app */,
			);
			name = Products;
			sourceTree = "<group>";
		};
		F7B4193C9608FF5CAF1E888C /* App */ = {
			isa = PBXGroup;
			children = (
				DBD14E475F9B3B2197DBF21B /* AppDelegate.swift */,
				93F4EB01940C6D8792F8821A /* BrewTUI-BarApp.swift */,
				B1A6FA32D3AD9C22170F8104 /* MenuBarIconComposer.swift */,
			);
			path = App;
			sourceTree = "<group>";
		};
		FBDB4EB8445530820624EA6A = {
			isa = PBXGroup;
			children = (
				E672BAFA9597B077715E8485 /* Products */,
				6D47FB2B2BBEE4F0820D7DB1 /* Project */,
			);
			sourceTree = "<group>";
		};
/* End PBXGroup section */

/* Begin PBXNativeTarget section */
		436A66178598403529899092 /* BrewTUI-Bar */ = {
			isa = PBXNativeTarget;
			buildConfigurationList = C65DBB04A1E58F55910DE366 /* Build configuration list for PBXNativeTarget "BrewTUI-Bar" */;
			buildPhases = (
				B069CD087419D7D4476A4A5D /* Sources */,
				308AA88B9F5C0102DE226D80 /* Resources */,
				6C4C5AE7D6BB73CC3F539526 /* Frameworks */,
				EFD6678234850FF59F0115C4 /* Embed Frameworks */,
			);
			buildRules = (
			);
			dependencies = (
			);
			name = "BrewTUI-Bar";
			packageProductDependencies = (
			);
			productName = BrewTUI_Bar;
			productReference = E915CCA2B5B927CE2720FA97 /* BrewTUI-Bar.app */;
			productType = "com.apple.product-type.application";
		};
		754F397E534ACCA90D0B6C9E /* BrewTUI-BarTests */ = {
			isa = PBXNativeTarget;
			buildConfigurationList = D16F4DDDE20B9B6A916504E4 /* Build configuration list for PBXNativeTarget "BrewTUI-BarTests" */;
			buildPhases = (
				81F20D9055F264FBDF5BBFBD /* Sources */,
				06B31C13F63B4DCE1D14EB5E /* Resources */,
				678AD75D2FCC69EAFCBA2AC5 /* Frameworks */,
				9E81297BC4B0F255866C30AA /* Embed Frameworks */,
			);
			buildRules = (
			);
			dependencies = (
				210F842C9C5F907CD5BD51D7 /* PBXTargetDependency */,
			);
			name = "BrewTUI-BarTests";
			packageProductDependencies = (
			);
			productName = BrewTUI_BarTests;
			productReference = E160005EFEC134AAD22E8A89 /* BrewTUI_BarTests.xctest */;
			productType = "com.apple.product-type.bundle.unit-test";
		};
/* End PBXNativeTarget section */

/* Begin PBXProject section */
		BB256F911AF42CC7F3DEB616 /* Project object */ = {
			isa = PBXProject;
			attributes = {
				BuildIndependentTargetsInParallel = YES;
				TargetAttributes = {
					754F397E534ACCA90D0B6C9E = {
						TestTargetID = 436A66178598403529899092;
					};
				};
			};
			buildConfigurationList = DFE99183AEF741BE4CFA1669 /* Build configuration list for PBXProject "BrewTUI-Bar" */;
			compatibilityVersion = "Xcode 14.0";
			developmentRegion = en;
			hasScannedForEncodings = 0;
			knownRegions = (
				en,
				es,
			);
			mainGroup = FBDB4EB8445530820624EA6A;
			productRefGroup = E672BAFA9597B077715E8485 /* Products */;
			projectDirPath = "";
			projectRoot = "";
			targets = (
				436A66178598403529899092 /* BrewTUI-Bar */,
				754F397E534ACCA90D0B6C9E /* BrewTUI-BarTests */,
			);
		};
/* End PBXProject section */

/* Begin PBXResourcesBuildPhase section */
		06B31C13F63B4DCE1D14EB5E /* Resources */ = {
			isa = PBXResourcesBuildPhase;
			buildActionMask = 2147483647;
			files = (
			);
			runOnlyForDeploymentPostprocessing = 0;
		};
		308AA88B9F5C0102DE226D80 /* Resources */ = {
			isa = PBXResourcesBuildPhase;
			buildActionMask = 2147483647;
			files = (
				292BF5231D1F526AEC78A8EF /* Assets.xcassets in Resources */,
				AAC329365B2871F0B9DB69DF /* Localizable.xcstrings in Resources */,
				F09227024F751FA24183E10E /* PrivacyInfo.xcprivacy in Resources */,
			);
			runOnlyForDeploymentPostprocessing = 0;
		};
/* End PBXResourcesBuildPhase section */

/* Begin PBXSourcesBuildPhase section */
		81F20D9055F264FBDF5BBFBD /* Sources */ = {
			isa = PBXSourcesBuildPhase;
			buildActionMask = 2147483647;
			files = (
				8A00C28527298892DA00BF13 /* BrewTUIBarTests.swift in Sources */,
				64FA4D2DC4AEED32804D0F47 /* LegacyMigratorTests.swift in Sources */,
				0B0FE81EE0F031EE6B5DF217 /* LicenseCheckerTests.swift in Sources */,
				BD184BE92D579DAB2904559B /* NewPackagesServiceTests.swift in Sources */,
				F3B56887D592EBE9A2E51D28 /* ScreenshotGenerator.swift in Sources */,
				D84A510FC20FCBFFF86F1F8A /* ServiceTests.swift in Sources */,
			);
			runOnlyForDeploymentPostprocessing = 0;
		};
		B069CD087419D7D4476A4A5D /* Sources */ = {
			isa = PBXSourcesBuildPhase;
			buildActionMask = 2147483647;
			files = (
				2147084C94F28A1919D7242C /* AppDelegate.swift in Sources */,
				E95B57CB309600892EE3F60D /* BrewTUI-BarApp.swift in Sources */,
				89830BE3312D0E47CDCF083B /* MenuBarIconComposer.swift in Sources */,
				BC60D48A6E5CC3BE2E1FF29B /* AppState.swift in Sources */,
				78C6EA4873F10C45C23668C3 /* BadgePreferences.swift in Sources */,
				3C6BB02EF2B388C2E8CCB08C /* BrewService.swift in Sources */,
				F72D64E1CD37242384E4D27A /* CVEAlert.swift in Sources */,
				83C49904E8134A34B700A38D /* InstallProgress.swift in Sources */,
				A5C9A57ADF2A973B5DC63325 /* NewPackage.swift in Sources */,
				75C4A19A32FD9983D16ADFC8 /* OutdatedPackage.swift in Sources */,
				A634569C03613A045FB8CF30 /* PreviewData.swift in Sources */,
				3EFC14FB58F69A4066634532 /* ServiceDiagnostics.swift in Sources */,
				818EF64291A268BAB5BF9EF4 /* BrewChecker.swift in Sources */,
				45E8E4CB8420F708CF43903A /* BrewChecking.swift in Sources */,
				FF57FBD91A91C9CDFEE3D661 /* BrewProcess.swift in Sources */,
				EEB268552533BE695556BE9A /* BrewServiceDiagnostics.swift in Sources */,
				659C0999E6959CAAB322FC48 /* BrewUpgradeStream.swift in Sources */,
				0C14525CAB56FB0806E18A99 /* CatalogSearchService.swift in Sources */,
				B99DC34A3CEB0B46B2E6BF31 /* CrashReporter.swift in Sources */,
				08FEFB317002C3EF40AB6AEA /* LastActionMonitor.swift in Sources */,
				2101C8E0EF7FA5182FDA5A32 /* LegacyMigrator.swift in Sources */,
				60C78BCD3FBB824483644F67 /* LicenseChecker.swift in Sources */,
				8A0042C9F4CACC2E29D85E6F /* LicenseRevalidator.swift in Sources */,
				CE83F8A05166EAD700CC214D /* NewPackagesService.swift in Sources */,
				D8CF13065CC2A87D25B46E7F /* NotificationSender.swift in Sources */,
				63A0FCD8C81043394B2727F9 /* SchedulerService.swift in Sources */,
				B43EFD3B5D5822F918CF753F /* SecurityChecking.swift in Sources */,
				5E99EE588662855D7C207894 /* SecurityMonitor.swift in Sources */,
				1FC4EBFE430B4221870447F7 /* SyncMonitor.swift in Sources */,
				12814FC35BCAAFBC3726D91B /* VersionChecker.swift in Sources */,
				4CF49E26130611E7FF55D8F5 /* CrystalGlass.swift in Sources */,
				6A9D38255C5470BFB79CC9DF /* InstallProgressView.swift in Sources */,
				E58BA0B8D0B5F1F0B4E107CD /* NewPackagesView.swift in Sources */,
				F530066AD5EB4EC0ED261FCB /* OutdatedListView.swift in Sources */,
				D57854316651EC2199918743 /* PopoverView.swift in Sources */,
				47083A41E4AB595976277B64 /* ServiceDiagnosticsView.swift in Sources */,
				8E87AA13EE7356729D1FDB58 /* SettingsView.swift in Sources */,
				2F86BF686284096A0D9C5BB2 /* Theme.swift in Sources */,
				4FB44039A253560986CF14C4 /* TuistAssets+BrewTUIBar.swift in Sources */,
				D0AE1A561287031A3062AE62 /* TuistBundle+BrewTUIBar.swift in Sources */,
			);
			runOnlyForDeploymentPostprocessing = 0;
		};
/* End PBXSourcesBuildPhase section */

/* Begin PBXTargetDependency section */
		210F842C9C5F907CD5BD51D7 /* PBXTargetDependency */ = {
			isa = PBXTargetDependency;
			name = "BrewTUI-Bar";
			target = 436A66178598403529899092 /* BrewTUI-Bar */;
			targetProxy = 4C4BBC198DD05716183528EB /* PBXContainerItemProxy */;
		};
/* End PBXTargetDependency section */

/* Begin XCBuildConfiguration section */
		1D84B68FF18358E6FB13F21F /* Debug */ = {
			isa = XCBuildConfiguration;
			buildSettings = {
				ASSETCATALOG_COMPILER_APPICON_NAME = AppIcon;
				ASSETCATALOG_COMPILER_GLOBAL_ACCENT_COLOR_NAME = AccentColor;
				CODE_SIGN_IDENTITY = "Apple Development";
				CODE_SIGN_INJECT_BASE_ENTITLEMENTS = YES;
				CODE_SIGN_STYLE = Automatic;
				COMBINE_HIDPI_IMAGES = YES;
				DEVELOPMENT_TEAM = GD6M44DYPQ;
				ENABLE_HARDENED_RUNTIME = NO;
				ENABLE_PREVIEWS = YES;
				EXECUTABLE_NAME = "BrewTUI-Bar";
				INFOPLIST_FILE = "Derived/InfoPlists/BrewTUI-Bar-Info.plist";
				LD_RUNPATH_SEARCH_PATHS = (
					"$(inherited)",
					"@executable_path/../Frameworks",
				);
				MACOSX_DEPLOYMENT_TARGET = 14.0;
				OTHER_CODE_SIGN_FLAGS = "";
				OTHER_LDFLAGS = (
					"$(inherited)",
					"-L$(DT_TOOLCHAIN_DIR)/usr/lib/swift/$(PLATFORM_NAME)",
				);
				PRODUCT_BUNDLE_IDENTIFIER = com.molinesdesigns.brewtuibar;
				PRODUCT_MODULE_NAME = BrewTUI_Bar;
				PRODUCT_NAME = "BrewTUI-Bar";
				SDKROOT = macosx;
				SWIFT_ACTIVE_COMPILATION_CONDITIONS = (
					"$(inherited)",
					DEBUG,
				);
				SWIFT_COMPILATION_MODE = singlefile;
				SWIFT_OPTIMIZATION_LEVEL = "-Onone";
			};
			name = Debug;
		};
		51CD8A654D8ADCAB9D598C59 /* Release */ = {
			isa = XCBuildConfiguration;
			buildSettings = {
				BUNDLE_LOADER = "$(TEST_HOST)";
				CODE_SIGN_IDENTITY = "-";
				INFOPLIST_FILE = "Derived/InfoPlists/BrewTUI-BarTests-Info.plist";
				LD_RUNPATH_SEARCH_PATHS = (
					"$(inherited)",
					"@executable_path/../Frameworks",
					"@loader_path/../Frameworks",
				);
				MACOSX_DEPLOYMENT_TARGET = 14.0;
				OTHER_LDFLAGS = (
					"$(inherited)",
					"-L$(DT_TOOLCHAIN_DIR)/usr/lib/swift/$(PLATFORM_NAME)",
				);
				PRODUCT_BUNDLE_IDENTIFIER = "com.molinesdesigns.brewtui-bar.tests";
				PRODUCT_NAME = BrewTUI_BarTests;
				SDKROOT = macosx;
				SWIFT_COMPILATION_MODE = wholemodule;
				SWIFT_OPTIMIZATION_LEVEL = "-O";
				TEST_HOST = "$(BUILT_PRODUCTS_DIR)/BrewTUI-Bar.app/Contents/MacOS/BrewTUI-Bar";
				TEST_TARGET_NAME = "BrewTUI-Bar";
			};
			name = Release;
		};
		5FFA45E0D8A0D76C1E7BD51F /* Release */ = {
			isa = XCBuildConfiguration;
			buildSettings = {
				ASSETCATALOG_COMPILER_APPICON_NAME = AppIcon;
				ASSETCATALOG_COMPILER_GLOBAL_ACCENT_COLOR_NAME = AccentColor;
				CODE_SIGN_IDENTITY = "Developer ID Application";
				CODE_SIGN_INJECT_BASE_ENTITLEMENTS = NO;
				CODE_SIGN_STYLE = Manual;
				COMBINE_HIDPI_IMAGES = YES;
				DEVELOPMENT_TEAM = GD6M44DYPQ;
				ENABLE_HARDENED_RUNTIME = YES;
				ENABLE_PREVIEWS = YES;
				EXECUTABLE_NAME = "BrewTUI-Bar";
				INFOPLIST_FILE = "Derived/InfoPlists/BrewTUI-Bar-Info.plist";
				LD_RUNPATH_SEARCH_PATHS = (
					"$(inherited)",
					"@executable_path/../Frameworks",
				);
				MACOSX_DEPLOYMENT_TARGET = 14.0;
				OTHER_CODE_SIGN_FLAGS = "--timestamp";
				OTHER_LDFLAGS = (
					"$(inherited)",
					"-L$(DT_TOOLCHAIN_DIR)/usr/lib/swift/$(PLATFORM_NAME)",
				);
				PRODUCT_BUNDLE_IDENTIFIER = com.molinesdesigns.brewtuibar;
				PRODUCT_MODULE_NAME = BrewTUI_Bar;
				PRODUCT_NAME = "BrewTUI-Bar";
				SDKROOT = macosx;
				SWIFT_COMPILATION_MODE = wholemodule;
				SWIFT_OPTIMIZATION_LEVEL = "-O";
			};
			name = Release;
		};
		698B23BFE98CC81D5566EE40 /* Release */ = {
			isa = XCBuildConfiguration;
			buildSettings = {
				ALWAYS_SEARCH_USER_PATHS = NO;
				ASSETCATALOG_COMPILER_GENERATE_SWIFT_ASSET_SYMBOL_EXTENSIONS = YES;
				CLANG_ANALYZER_LOCALIZABILITY_NONLOCALIZED = YES;
				CLANG_ANALYZER_NONNULL = YES;
				CLANG_ANALYZER_NUMBER_OBJECT_CONVERSION = YES_AGGRESSIVE;
				CLANG_CXX_LANGUAGE_STANDARD = "gnu++14";
				CLANG_CXX_LIBRARY = "libc++";
				CLANG_ENABLE_MODULES = YES;
				CLANG_ENABLE_OBJC_ARC = YES;
				CLANG_ENABLE_OBJC_WEAK = YES;
				CLANG_WARN_BLOCK_CAPTURE_AUTORELEASING = YES;
				CLANG_WARN_BOOL_CONVERSION = YES;
				CLANG_WARN_COMMA = YES;
				CLANG_WARN_CONSTANT_CONVERSION = YES;
				CLANG_WARN_DEPRECATED_OBJC_IMPLEMENTATIONS = YES;
				CLANG_WARN_DIRECT_OBJC_ISA_USAGE = YES_ERROR;
				CLANG_WARN_DOCUMENTATION_COMMENTS = YES;
				CLANG_WARN_EMPTY_BODY = YES;
				CLANG_WARN_ENUM_CONVERSION = YES;
				CLANG_WARN_INFINITE_RECURSION = YES;
				CLANG_WARN_INT_CONVERSION = YES;
				CLANG_WARN_NON_LITERAL_NULL_CONVERSION = YES;
				CLANG_WARN_OBJC_IMPLICIT_RETAIN_SELF = YES;
				CLANG_WARN_OBJC_LITERAL_CONVERSION = YES;
				CLANG_WARN_OBJC_ROOT_CLASS = YES_ERROR;
				CLANG_WARN_QUOTED_INCLUDE_IN_FRAMEWORK_HEADER = YES;
				CLANG_WARN_RANGE_LOOP_ANALYSIS = YES;
				CLANG_WARN_STRICT_PROTOTYPES = YES;
				CLANG_WARN_SUSPICIOUS_MOVE = YES;
				CLANG_WARN_UNGUARDED_AVAILABILITY = YES_AGGRESSIVE;
				CLANG_WARN_UNREACHABLE_CODE = YES;
				CLANG_WARN__DUPLICATE_METHOD_MATCH = YES;
				COPY_PHASE_STRIP = NO;
				CURRENT_PROJECT_VERSION = 1;
				DEAD_CODE_STRIPPING = YES;
				DEBUG_INFORMATION_FORMAT = "dwarf-with-dsym";
				ENABLE_NS_ASSERTIONS = NO;
				ENABLE_STRICT_OBJC_MSGSEND = YES;
				ENABLE_USER_SCRIPT_SANDBOXING = YES;
				GCC_C_LANGUAGE_STANDARD = gnu11;
				GCC_NO_COMMON_BLOCKS = YES;
				GCC_WARN_64_TO_32_BIT_CONVERSION = YES;
				GCC_WARN_ABOUT_RETURN_TYPE = YES_ERROR;
				GCC_WARN_UNDECLARED_SELECTOR = YES;
				GCC_WARN_UNINITIALIZED_AUTOS = YES_AGGRESSIVE;
				GCC_WARN_UNUSED_FUNCTION = YES;
				GCC_WARN_UNUSED_VARIABLE = YES;
				MACOSX_DEPLOYMENT_TARGET = 14.0;
				MARKETING_VERSION = "$(MARKETING_VERSION:default=4.3.2)";
				MTL_ENABLE_DEBUG_INFO = NO;
				PRODUCT_NAME = "$(TARGET_NAME)";
				STRING_CATALOG_GENERATE_SYMBOLS = NO;
				SWIFT_STRICT_CONCURRENCY = complete;
				SWIFT_VERSION = 6.0;
				VALIDATE_PRODUCT = YES;
			};
			name = Release;
		};
		D0231D9E3247E0AE63C64512 /* Debug */ = {
			isa = XCBuildConfiguration;
			buildSettings = {
				ALWAYS_SEARCH_USER_PATHS = NO;
				ASSETCATALOG_COMPILER_GENERATE_SWIFT_ASSET_SYMBOL_EXTENSIONS = YES;
				CLANG_ANALYZER_LOCALIZABILITY_NONLOCALIZED = YES;
				CLANG_ANALYZER_NONNULL = YES;
				CLANG_ANALYZER_NUMBER_OBJECT_CONVERSION = YES_AGGRESSIVE;
				CLANG_CXX_LANGUAGE_STANDARD = "gnu++14";
				CLANG_CXX_LIBRARY = "libc++";
				CLANG_ENABLE_MODULES = YES;
				CLANG_ENABLE_OBJC_ARC = YES;
				CLANG_ENABLE_OBJC_WEAK = YES;
				CLANG_WARN_BLOCK_CAPTURE_AUTORELEASING = YES;
				CLANG_WARN_BOOL_CONVERSION = YES;
				CLANG_WARN_COMMA = YES;
				CLANG_WARN_CONSTANT_CONVERSION = YES;
				CLANG_WARN_DEPRECATED_OBJC_IMPLEMENTATIONS = YES;
				CLANG_WARN_DIRECT_OBJC_ISA_USAGE = YES_ERROR;
				CLANG_WARN_DOCUMENTATION_COMMENTS = YES;
				CLANG_WARN_EMPTY_BODY = YES;
				CLANG_WARN_ENUM_CONVERSION = YES;
				CLANG_WARN_INFINITE_RECURSION = YES;
				CLANG_WARN_INT_CONVERSION = YES;
				CLANG_WARN_NON_LITERAL_NULL_CONVERSION = YES;
				CLANG_WARN_OBJC_IMPLICIT_RETAIN_SELF = YES;
				CLANG_WARN_OBJC_LITERAL_CONVERSION = YES;
				CLANG_WARN_OBJC_ROOT_CLASS = YES_ERROR;
				CLANG_WARN_QUOTED_INCLUDE_IN_FRAMEWORK_HEADER = YES;
				CLANG_WARN_RANGE_LOOP_ANALYSIS = YES;
				CLANG_WARN_STRICT_PROTOTYPES = YES;
				CLANG_WARN_SUSPICIOUS_MOVE = YES;
				CLANG_WARN_UNGUARDED_AVAILABILITY = YES_AGGRESSIVE;
				CLANG_WARN_UNREACHABLE_CODE = YES;
				CLANG_WARN__DUPLICATE_METHOD_MATCH = YES;
				COPY_PHASE_STRIP = NO;
				CURRENT_PROJECT_VERSION = 1;
				DEAD_CODE_STRIPPING = YES;
				DEBUG_INFORMATION_FORMAT = dwarf;
				ENABLE_STRICT_OBJC_MSGSEND = YES;
				ENABLE_TESTABILITY = YES;
				ENABLE_USER_SCRIPT_SANDBOXING = YES;
				GCC_C_LANGUAGE_STANDARD = gnu11;
				GCC_DYNAMIC_NO_PIC = NO;
				GCC_NO_COMMON_BLOCKS = YES;
				GCC_OPTIMIZATION_LEVEL = 0;
				GCC_PREPROCESSOR_DEFINITIONS = (
					"DEBUG=1",
					"$(inherited)",
				);
				GCC_WARN_64_TO_32_BIT_CONVERSION = YES;
				GCC_WARN_ABOUT_RETURN_TYPE = YES_ERROR;
				GCC_WARN_UNDECLARED_SELECTOR = YES;
				GCC_WARN_UNINITIALIZED_AUTOS = YES_AGGRESSIVE;
				GCC_WARN_UNUSED_FUNCTION = YES;
				GCC_WARN_UNUSED_VARIABLE = YES;
				MACOSX_DEPLOYMENT_TARGET = 14.0;
				MARKETING_VERSION = "$(MARKETING_VERSION:default=4.3.2)";
				MTL_ENABLE_DEBUG_INFO = YES;
				ONLY_ACTIVE_ARCH = YES;
				PRODUCT_NAME = "$(TARGET_NAME)";
				STRING_CATALOG_GENERATE_SYMBOLS = NO;
				SWIFT_STRICT_CONCURRENCY = complete;
				SWIFT_VERSION = 6.0;
			};
			name = Debug;
		};
		F6C264D145E789D7D7DA0204 /* Debug */ = {
			isa = XCBuildConfiguration;
			buildSettings = {
				BUNDLE_LOADER = "$(TEST_HOST)";
				CODE_SIGN_IDENTITY = "-";
				INFOPLIST_FILE = "Derived/InfoPlists/BrewTUI-BarTests-Info.plist";
				LD_RUNPATH_SEARCH_PATHS = (
					"$(inherited)",
					"@executable_path/../Frameworks",
					"@loader_path/../Frameworks",
				);
				MACOSX_DEPLOYMENT_TARGET = 14.0;
				OTHER_LDFLAGS = (
					"$(inherited)",
					"-L$(DT_TOOLCHAIN_DIR)/usr/lib/swift/$(PLATFORM_NAME)",
				);
				PRODUCT_BUNDLE_IDENTIFIER = "com.molinesdesigns.brewtui-bar.tests";
				PRODUCT_NAME = BrewTUI_BarTests;
				SDKROOT = macosx;
				SWIFT_ACTIVE_COMPILATION_CONDITIONS = (
					"$(inherited)",
					DEBUG,
				);
				SWIFT_COMPILATION_MODE = singlefile;
				SWIFT_OPTIMIZATION_LEVEL = "-Onone";
				TEST_HOST = "$(BUILT_PRODUCTS_DIR)/BrewTUI-Bar.app/Contents/MacOS/BrewTUI-Bar";
				TEST_TARGET_NAME = "BrewTUI-Bar";
			};
			name = Debug;
		};
/* End XCBuildConfiguration section */

/* Begin XCConfigurationList section */
		C65DBB04A1E58F55910DE366 /* Build configuration list for PBXNativeTarget "BrewTUI-Bar" */ = {
			isa = XCConfigurationList;
			buildConfigurations = (
				1D84B68FF18358E6FB13F21F /* Debug */,
				5FFA45E0D8A0D76C1E7BD51F /* Release */,
			);
			defaultConfigurationIsVisible = 0;
			defaultConfigurationName = Release;
		};
		D16F4DDDE20B9B6A916504E4 /* Build configuration list for PBXNativeTarget "BrewTUI-BarTests" */ = {
			isa = XCConfigurationList;
			buildConfigurations = (
				F6C264D145E789D7D7DA0204 /* Debug */,
				51CD8A654D8ADCAB9D598C59 /* Release */,
			);
			defaultConfigurationIsVisible = 0;
			defaultConfigurationName = Release;
		};
		DFE99183AEF741BE4CFA1669 /* Build configuration list for PBXProject "BrewTUI-Bar" */ = {
			isa = XCConfigurationList;
			buildConfigurations = (
				D0231D9E3247E0AE63C64512 /* Debug */,
				698B23BFE98CC81D5566EE40 /* Release */,
			);
			defaultConfigurationIsVisible = 0;
			defaultConfigurationName = Release;
		};
/* End XCConfigurationList section */
	};
	rootObject = BB256F911AF42CC7F3DEB616 /* Project object */;
}
